
Microsoft Visual Studio Solution File, Format Version 12.00
# Visual Studio 15
VisualStudioVersion = 15.0.27703.2047
MinimumVisualStudioVersion = 10.0.40219.1
Project("{FAE04EC0-301F-11D3-BF4B-00C04F79EFBC}") = "ApiGymPassMVC", "ApiGymPassMVC\ApiGymPassMVC.csproj", "{E7C348AC-0FDF-4C4B-B882-1C1752B2DE69}"
EndProject
Global
	GlobalSection(SolutionConfigurationPlatforms) = preSolution
		Debug|Any CPU = Debug|Any CPU
		Release|Any CPU = Release|Any CPU
	EndGlobalSection
	GlobalSection(ProjectConfigurationPlatforms) = postSolution
		{E7C348AC-0FDF-4C4B-B882-1C1752B2DE69}.Debug|Any CPU.ActiveCfg = Debug|Any CPU
		{E7C348AC-0FDF-4C4B-B882-1C1752B2DE69}.Debug|Any CPU.Build.0 = Debug|Any CPU
		{E7C348AC-0FDF-4C4B-B882-1C1752B2DE69}.Release|Any CPU.ActiveCfg = Release|Any CPU
		{E7C348AC-0FDF-4C4B-B882-1C1752B2DE69}.Release|Any CPU.Build.0 = Release|Any CPU
	EndGlobalSection
	GlobalSection(SolutionProperties) = preSolution
		HideSolutionNode = FALSE
	EndGlobalSection
	GlobalSection(ExtensibilityGlobals) = postSolution
		SolutionGuid = {F639D30F-D274-43B5-B2CA-A0F40B40B6C0}
	EndGlobalSection
EndGlobal
